
Microsoft Visual Studio Solution File, Format Version 12.00
# Visual Studio Version 17
VisualStudioVersion = 17.0.31903.59
MinimumVisualStudioVersion = 10.0.40219.1
Project("{FAE04EC0-301F-11D3-BF4B-00C04F79EFBC}") = "PDF Downloader", "PDF Downloader\PDF Downloader.csproj", "{C06C9F0F-4B65-4448-90F8-1472403D1D02}"
EndProject
Project("{2150E333-8FDC-42A3-9474-1A3956D46DE8}") = "tests", "tests", "{0AB3BF05-4346-4AA6-1389-037BE0695223}"
EndProject
Project("{FAE04EC0-301F-11D3-BF4B-00C04F79EFBC}") = "PdfDownloader.Tests", "tests\PdfDownloader.Tests\PdfDownloader.Tests.csproj", "{51EE96F0-05A5-4105-98D4-B415FF31A8CF}"
EndProject
Global
	GlobalSection(SolutionConfigurationPlatforms) = preSolution
		Debug|Any CPU = Debug|Any CPU
		Debug|x64 = Debug|x64
		Debug|x86 = Debug|x86
		Release|Any CPU = Release|Any CPU
		Release|x64 = Release|x64
		Release|x86 = Release|x86
	EndGlobalSection
	GlobalSection(ProjectConfigurationPlatforms) = postSolution
		{C06C9F0F-4B65-4448-90F8-1472403D1D02}.Debug|Any CPU.ActiveCfg = Debug|Any CPU
		{C06C9F0F-4B65-4448-90F8-1472403D1D02}.Debug|Any CPU.Build.0 = Debug|Any CPU
		{C06C9F0F-4B65-4448-90F8-1472403D1D02}.Debug|x64.ActiveCfg = Debug|Any CPU
		{C06C9F0F-4B65-4448-90F8-1472403D1D02}.Debug|x64.Build.0 = Debug|Any CPU
		{C06C9F0F-4B65-4448-90F8-1472403D1D02}.Debug|x86.ActiveCfg = Debug|Any CPU
		{C06C9F0F-4B65-4448-90F8-1472403D1D02}.Debug|x86.Build.0 = Debug|Any CPU
		{C06C9F0F-4B65-4448-90F8-1472403D1D02}.Release|Any CPU.ActiveCfg = Release|Any CPU
		{C06C9F0F-4B65-4448-90F8-1472403D1D02}.Release|Any CPU.Build.0 = Release|Any CPU
		{C06C9F0F-4B65-4448-90F8-1472403D1D02}.Release|x64.ActiveCfg = Release|Any CPU
		{C06C9F0F-4B65-4448-90F8-1472403D1D02}.Release|x64.Build.0 = Release|Any CPU
		{C06C9F0F-4B65-4448-90F8-1472403D1D02}.Release|x86.ActiveCfg = Release|Any CPU
		{C06C9F0F-4B65-4448-90F8-1472403D1D02}.Release|x86.Build.0 = Release|Any CPU
		{51EE96F0-05A5-4105-98D4-B415FF31A8CF}.Debug|Any CPU.ActiveCfg = Debug|Any CPU
		{51EE96F0-05A5-4105-98D4-B415FF31A8CF}.Debug|Any CPU.Build.0 = Debug|Any CPU
		{51EE96F0-05A5-4105-98D4-B415FF31A8CF}.Debug|x64.ActiveCfg = Debug|Any CPU
		{51EE96F0-05A5-4105-98D4-B415FF31A8CF}.Debug|x64.Build.0 = Debug|Any CPU
		{51EE96F0-05A5-4105-98D4-B415FF31A8CF}.Debug|x86.ActiveCfg = Debug|Any CPU
		{51EE96F0-05A5-4105-98D4-B415FF31A8CF}.Debug|x86.Build.0 = Debug|Any CPU
		{51EE96F0-05A5-4105-98D4-B415FF31A8CF}.Release|Any CPU.ActiveCfg = Release|Any CPU
		{51EE96F0-05A5-4105-98D4-B415FF31A8CF}.Release|Any CPU.Build.0 = Release|Any CPU
		{51EE96F0-05A5-4105-98D4-B415FF31A8CF}.Release|x64.ActiveCfg = Release|Any CPU
		{51EE96F0-05A5-4105-98D4-B415FF31A8CF}.Release|x64.Build.0 = Release|Any CPU
		{51EE96F0-05A5-4105-98D4-B415FF31A8CF}.Release|x86.ActiveCfg = Release|Any CPU
		{51EE96F0-05A5-4105-98D4-B415FF31A8CF}.Release|x86.Build.0 = Release|Any CPU
	EndGlobalSection
	GlobalSection(SolutionProperties) = preSolution
		HideSolutionNode = FALSE
	EndGlobalSection
	GlobalSection(NestedProjects) = preSolution
		{51EE96F0-05A5-4105-98D4-B415FF31A8CF} = {0AB3BF05-4346-4AA6-1389-037BE0695223}
	EndGlobalSection
EndGlobal
